
Microsoft Visual Studio Solution File, Format Version 12.00
# Visual Studio Version 17
VisualStudioVersion = 17.1.32210.238
MinimumVisualStudioVersion = 10.0.40219.1
Project("{FAE04EC0-301F-11D3-BF4B-00C04F79EFBC}") = "CalculadoraImc", "CalculadoraImc\CalculadoraImc.csproj", "{BCB7D17F-44C8-43E2-B18F-7344189B860D}"
EndProject
Project("{FAE04EC0-301F-11D3-BF4B-00C04F79EFBC}") = "TestMSTest", "TestMSTest\TestMSTest.csproj", "{CE4D10FA-89BE-4EA6-98FD-D4E6DF207852}"
EndProject
Project("{FAE04EC0-301F-11D3-BF4B-00C04F79EFBC}") = "TestXUnit", "TestXUnit\TestXUnit.csproj", "{5AD2C16A-9171-43A0-A8C4-5FD735DE8F16}"
EndProject
Global
	GlobalSection(SolutionConfigurationPlatforms) = preSolution
		Debug|Any CPU = Debug|Any CPU
		Release|Any CPU = Release|Any CPU
	EndGlobalSection
	GlobalSection(ProjectConfigurationPlatforms) = postSolution
		{BCB7D17F-44C8-43E2-B18F-7344189B860D}.Debug|Any CPU.ActiveCfg = Debug|Any CPU
		{BCB7D17F-44C8-43E2-B18F-7344189B860D}.Debug|Any CPU.Build.0 = Debug|Any CPU
		{BCB7D17F-44C8-43E2-B18F-7344189B860D}.Release|Any CPU.ActiveCfg = Release|Any CPU
		{BCB7D17F-44C8-43E2-B18F-7344189B860D}.Release|Any CPU.Build.0 = Release|Any CPU
		{CE4D10FA-89BE-4EA6-98FD-D4E6DF207852}.Debug|Any CPU.ActiveCfg = Debug|Any CPU
		{CE4D10FA-89BE-4EA6-98FD-D4E6DF207852}.Debug|Any CPU.Build.0 = Debug|Any CPU
		{CE4D10FA-89BE-4EA6-98FD-D4E6DF207852}.Release|Any CPU.ActiveCfg = Release|Any CPU
		{CE4D10FA-89BE-4EA6-98FD-D4E6DF207852}.Release|Any CPU.Build.0 = Release|Any CPU
		{5AD2C16A-9171-43A0-A8C4-5FD735DE8F16}.Debug|Any CPU.ActiveCfg = Debug|Any CPU
		{5AD2C16A-9171-43A0-A8C4-5FD735DE8F16}.Debug|Any CPU.Build.0 = Debug|Any CPU
		{5AD2C16A-9171-43A0-A8C4-5FD735DE8F16}.Release|Any CPU.ActiveCfg = Release|Any CPU
		{5AD2C16A-9171-43A0-A8C4-5FD735DE8F16}.Release|Any CPU.Build.0 = Release|Any CPU
	EndGlobalSection
	GlobalSection(SolutionProperties) = preSolution
		HideSolutionNode = FALSE
	EndGlobalSection
	GlobalSection(ExtensibilityGlobals) = postSolution
		SolutionGuid = {D4EF8F82-D5F0-4EEE-B9CA-16799FC58600}
	EndGlobalSection
EndGlobal
